Microsoft Visual Studio Solution File, Format Version 12.00
# Visual Studio Version 18
VisualStudioVersion = 18.5.11716.220 stable
MinimumVisualStudioVersion = 10.0.40219.1
Project("{FAE04EC0-301F-11D3-BF4B-00C04F79EFBC}") = "StartingAbilityPicker", "StartingAbilityPicker.csproj", "{2FFDF1CB-66BF-4588-95EC-0DED85BB675C}"
EndProject
Global
	GlobalSection(SolutionConfigurationPlatforms) = preSolution
		Debug|Any CPU = Debug|Any CPU
		Release|Any CPU = Release|Any CPU
	EndGlobalSection
	GlobalSection(ProjectConfigurationPlatforms) = postSolution
		{2FFDF1CB-66BF-4588-95EC-0DED85BB675C}.Debug|Any CPU.ActiveCfg = Debug|Any CPU
		{2FFDF1CB-66BF-4588-95EC-0DED85BB675C}.Debug|Any CPU.Build.0 = Debug|Any CPU
		{2FFDF1CB-66BF-4588-95EC-0DED85BB675C}.Release|Any CPU.ActiveCfg = Release|Any CPU
		{2FFDF1CB-66BF-4588-95EC-0DED85BB675C}.Release|Any CPU.Build.0 = Release|Any CPU
	EndGlobalSection
	GlobalSection(SolutionProperties) = preSolution
		HideSolutionNode = FALSE
	EndGlobalSection
	GlobalSection(ExtensibilityGlobals) = postSolution
		SolutionGuid = {6860F1CB-8E27-4A4C-8B5A-5F32D446DDB6}
	EndGlobalSection
EndGlobal
